
Microsoft Visual Studio Solution File, Format Version 12.00
# Visual Studio Version 17
VisualStudioVersion = 17.6.33829.357
MinimumVisualStudioVersion = 10.0.40219.1
Project("{FAE04EC0-301F-11D3-BF4B-00C04F79EFBC}") = "Game Engine", "Game Engine\Game Engine.csproj", "{B9DCF99A-E5FC-469D-809F-7862EA341D4C}"
EndProject
Global
	GlobalSection(SolutionConfigurationPlatforms) = preSolution
		Debug|Any CPU = Debug|Any CPU
		Release|Any CPU = Release|Any CPU
	EndGlobalSection
	GlobalSection(ProjectConfigurationPlatforms) = postSolution
		{B9DCF99A-E5FC-469D-809F-7862EA341D4C}.Debug|Any CPU.ActiveCfg = Debug|Any CPU
		{B9DCF99A-E5FC-469D-809F-7862EA341D4C}.Debug|Any CPU.Build.0 = Debug|Any CPU
		{B9DCF99A-E5FC-469D-809F-7862EA341D4C}.Release|Any CPU.ActiveCfg = Release|Any CPU
		{B9DCF99A-E5FC-469D-809F-7862EA341D4C}.Release|Any CPU.Build.0 = Release|Any CPU
	EndGlobalSection
	GlobalSection(SolutionProperties) = preSolution
		HideSolutionNode = FALSE
	EndGlobalSection
	GlobalSection(ExtensibilityGlobals) = postSolution
		SolutionGuid = {B5A67539-C400-4A79-AD49-B18F2007CA4B}
	EndGlobalSection
EndGlobal
