
Microsoft Visual Studio Solution File, Format Version 12.00
# Visual Studio Version 17
VisualStudioVersion = 17.6.33829.357
MinimumVisualStudioVersion = 10.0.40219.1
Project("{FAE04EC0-301F-11D3-BF4B-00C04F79EFBC}") = "Game Engine", "Game Engine.csproj", "{5AFAB433-A4EC-47B1-B1E1-E4CA94CB929B}"
EndProject
Global
	GlobalSection(SolutionConfigurationPlatforms) = preSolution
		Debug|Any CPU = Debug|Any CPU
		Release|Any CPU = Release|Any CPU
	EndGlobalSection
	GlobalSection(ProjectConfigurationPlatforms) = postSolution
		{5AFAB433-A4EC-47B1-B1E1-E4CA94CB929B}.Debug|Any CPU.ActiveCfg = Debug|Any CPU
		{5AFAB433-A4EC-47B1-B1E1-E4CA94CB929B}.Debug|Any CPU.Build.0 = Debug|Any CPU
		{5AFAB433-A4EC-47B1-B1E1-E4CA94CB929B}.Release|Any CPU.ActiveCfg = Release|Any CPU
		{5AFAB433-A4EC-47B1-B1E1-E4CA94CB929B}.Release|Any CPU.Build.0 = Release|Any CPU
	EndGlobalSection
	GlobalSection(SolutionProperties) = preSolution
		HideSolutionNode = FALSE
	EndGlobalSection
	GlobalSection(ExtensibilityGlobals) = postSolution
		SolutionGuid = {A8AA603D-E0EE-422A-A622-75BC2DE0C54E}
	EndGlobalSection
EndGlobal
